{
  "version": 4,
  "terraform_version": "1.13.1",
  "serial": 1,
  "lineage": "e36683ba-787b-b767-02b8-a93f9d760d31",
  "outputs": {},
  "resources": [
    {
      "mode": "managed",
      "type": "local_file",
      "name": "example",
      "provider": "provider[\"registry.terraform.io/hashicorp/local\"]",
      "instances": [
        {
          "schema_version": 0,
          "attributes": {
            "content": "Hello, Terraform!\nThis is a local file.",
            "content_base64": null,
            "content_base64sha256": "Gm272co9EstgVHiVfNAWiasEm7zaCjE3QlqSmHY1+2M=",
            "content_base64sha512": "Bhgv178mOhIlg82doJ9kCOllDDAyRztOoSLi//OUfZJj7OY3zqewtYc5rf6sl4umZ9sCHwnjRzsOE/CFYYLSgw==",
            "content_md5": "961b87bdd4d232496686470a919adbc8",
            "content_sha1": "75ab24762ab23b1294e4072ff93730a4aa2899de",
            "content_sha256": "1a6dbbd9ca3d12cb605478957cd01689ab049bbcda0a3137425a92987635fb63",
            "content_sha512": "06182fd7bf263a122583cd9da09f6408e9650c3032473b4ea122e2fff3947d9263ece637cea7b0b58739adfeac978ba667db021f09e3473b0e13f0856182d283",
            "directory_permission": "0777",
            "file_permission": "0777",
            "filename": "example.txt",
            "id": "75ab24762ab23b1294e4072ff93730a4aa2899de",
            "sensitive_content": null,
            "source": null
          },
          "sensitive_attributes": [
            [
              {
                "type": "get_attr",
                "value": "sensitive_content"
              }
            ]
          ],
          "identity_schema_version": 0
        }
      ]
    }
  ],
  "check_results": null
}
